
Microsoft Visual Studio Solution File, Format Version 11.00
# Visual Studio 2010
Project("{8BC9CEB8-8B4A-11D0-8D11-00A0C91BC942}") = "EventSelectServer", "EventSelectServer\EventSelectServer.vcxproj", "{F3687281-42B6-4005-86C4-C510749A3A15}"
EndProject
Global
	GlobalSection(SolutionConfigurationPlatforms) = preSolution
		Debug|Win32 = Debug|Win32
		Release|Win32 = Release|Win32
	EndGlobalSection
	GlobalSection(ProjectConfigurationPlatforms) = postSolution
		{F3687281-42B6-4005-86C4-C510749A3A15}.Debug|Win32.ActiveCfg = Debug|Win32
		{F3687281-42B6-4005-86C4-C510749A3A15}.Debug|Win32.Build.0 = Debug|Win32
		{F3687281-42B6-4005-86C4-C510749A3A15}.Release|Win32.ActiveCfg = Release|Win32
		{F3687281-42B6-4005-86C4-C510749A3A15}.Release|Win32.Build.0 = Release|Win32
	EndGlobalSection
	GlobalSection(SolutionProperties) = preSolution
		HideSolutionNode = FALSE
	EndGlobalSection
EndGlobal
